// !$*UTF8*$!
{
	archiveVersion = 1;
	classes = {
	};
	objectVersion = 48;
	objects = {

/* Begin PBXBuildFile section */
		CE07CDDD20BC235B000452B4 /* AppDelegate.swift in Sources */ = {isa = PBXBuildFile; fileRef = CE07CDDC20BC235B000452B4 /* AppDelegate.swift */; };
		CE07CDDF20BC235B000452B4 /* TodoListViewController.swift in Sources */ = {isa = PBXBuildFile; fileRef = CE07CDDE20BC235B000452B4 /* TodoListViewController.swift */; };
		CE07CDE220BC235B000452B4 /* Main.storyboard in Resources */ = {isa = PBXBuildFile; fileRef = CE07CDE020BC235B000452B4 /* Main.storyboard */; };
		CE07CDE420BC235B000452B4 /* Assets.xcassets in Resources */ = {isa = PBXBuildFile; fileRef = CE07CDE320BC235B000452B4 /* Assets.xcassets */; };
		CE07CDE720BC235B000452B4 /* LaunchScreen.storyboard in Resources */ = {isa = PBXBuildFile; fileRef = CE07CDE520BC235B000452B4 /* LaunchScreen.storyboard */; };
		CE0E1AA720BFCA4B00748FA2 /* CategoryViewController.swift in Sources */ = {isa = PBXBuildFile; fileRef = CE0E1AA620BFCA4B00748FA2 /* CategoryViewController.swift */; };
		CEB28C0420BE938A00B1660A /* DataModel.xcdatamodeld in Sources */ = {isa = PBXBuildFile; fileRef = CEB28C0220BE938A00B1660A /* DataModel.xcdatamodeld */; };
/* End PBXBuildFile section */

/* Begin PBXFileReference section */
		CE07CDD920BC235B000452B4 /* ToDoThings.app */ = {isa = PBXFileReference; explicitFileType = wrapper.application; includeInIndex = 0; path = ToDoThings.app; sourceTree = BUILT_PRODUCTS_DIR; };
		CE07CDDC20BC235B000452B4 /* AppDelegate.swift */ = {isa = PBXFileReference; lastKnownFileType = sourcecode.swift; path = AppDelegate.swift; sourceTree = "<group>"; };
		CE07CDDE20BC235B000452B4 /* TodoListViewController.swift */ = {isa = PBXFileReference; lastKnownFileType = sourcecode.swift; path = TodoListViewController.swift; sourceTree = "<group>"; };
		CE07CDE120BC235B000452B4 /* Base */ = {isa = PBXFileReference; lastKnownFileType = file.storyboard; name = Base; path = Base.lproj/Main.storyboard; sourceTree = "<group>"; };
		CE07CDE320BC235B000452B4 /* Assets.xcassets */ = {isa = PBXFileReference; lastKnownFileType = folder.assetcatalog; path = Assets.xcassets; sourceTree = "<group>"; };
		CE07CDE620BC235B000452B4 /* Base */ = {isa = PBXFileReference; lastKnownFileType = file.storyboard; name = Base; path = Base.lproj/LaunchScreen.storyboard; sourceTree = "<group>"; };
		CE07CDE820BC235B000452B4 /* Info.plist */ = {isa = PBXFileReference; lastKnownFileType = text.plist.xml; path = Info.plist; sourceTree = "<group>"; };
		CE0E1AA620BFCA4B00748FA2 /* CategoryViewController.swift */ = {isa = PBXFileReference; lastKnownFileType = sourcecode.swift; path = CategoryViewController.swift; sourceTree = "<group>"; };
		CEB28C0320BE938A00B1660A /* DataModel.xcdatamodel */ = {isa = PBXFileReference; lastKnownFileType = wrapper.xcdatamodel; path = DataModel.xcdatamodel; sourceTree = "<group>"; };
/* End PBXFileReference section */

/* Begin PBXFrameworksBuildPhase section */
		CE07CDD620BC235B000452B4 /* Frameworks */ = {
			isa = PBXFrameworksBuildPhase;
			buildActionMask = 2147483647;
			files = (
			);
			runOnlyForDeploymentPostprocessing = 0;
		};
/* End PBXFrameworksBuildPhase section */

/* Begin PBXGroup section */
		CE07CDD020BC235B000452B4 = {
			isa = PBXGroup;
			children = (
				CE07CDDB20BC235B000452B4 /* ToDoThings */,
				CE07CDDA20BC235B000452B4 /* Products */,
			);
			sourceTree = "<group>";
		};
		CE07CDDA20BC235B000452B4 /* Products */ = {
			isa = PBXGroup;
			children = (
				CE07CDD920BC235B000452B4 /* ToDoThings.app */,
			);
			name = Products;
			sourceTree = "<group>";
		};
		CE07CDDB20BC235B000452B4 /* ToDoThings */ = {
			isa = PBXGroup;
			children = (
				CE07CDDC20BC235B000452B4 /* AppDelegate.swift */,
				CEF4436B20BD35EF003A62F3 /* Viewcontrollers */,
				CEF4436A20BD35DF003A62F3 /* DataModel */,
				CEF4436C20BD3613003A62F3 /* Views */,
				CEF4436D20BD362C003A62F3 /* SupportingFiles */,
				CE07CDE820BC235B000452B4 /* Info.plist */,
			);
			path = ToDoThings;
			sourceTree = "<group>";
		};
		CEF4436A20BD35DF003A62F3 /* DataModel */ = {
			isa = PBXGroup;
			children = (
				CEB28C0220BE938A00B1660A /* DataModel.xcdatamodeld */,
			);
			path = DataModel;
			sourceTree = "<group>";
		};
		CEF4436B20BD35EF003A62F3 /* Viewcontrollers */ = {
			isa = PBXGroup;
			children = (
				CE0E1AA620BFCA4B00748FA2 /* CategoryViewController.swift */,
				CE07CDDE20BC235B000452B4 /* TodoListViewController.swift */,
			);
			path = Viewcontrollers;
			sourceTree = "<group>";
		};
		CEF4436C20BD3613003A62F3 /* Views */ = {
			isa = PBXGroup;
			children = (
				CE07CDE020BC235B000452B4 /* Main.storyboard */,
			);
			path = Views;
			sourceTree = "<group>";
		};
		CEF4436D20BD362C003A62F3 /* SupportingFiles */ = {
			isa = PBXGroup;
			children = (
				CE07CDE320BC235B000452B4 /* Assets.xcassets */,
				CE07CDE520BC235B000452B4 /* LaunchScreen.storyboard */,
			);
			path = SupportingFiles;
			sourceTree = "<group>";
		};
/* End PBXGroup section */

/* Begin PBXNativeTarget section */
		CE07CDD820BC235B000452B4 /* ToDoThings */ = {
			isa = PBXNativeTarget;
			buildConfigurationList = CE07CDEB20BC235B000452B4 /* Build configuration list for PBXNativeTarget "ToDoThings" */;
			buildPhases = (
				CE07CDD520BC235B000452B4 /* Sources */,
				CE07CDD620BC235B000452B4 /* Frameworks */,
				CE07CDD720BC235B000452B4 /* Resources */,
			);
			buildRules = (
			);
			dependencies = (
			);
			name = ToDoThings;
			productName = ToDoThings;
			productReference = CE07CDD920BC235B000452B4 /* ToDoThings.app */;
			productType = "com.apple.product-type.application";
		};
/* End PBXNativeTarget section */

/* Begin PBXProject section */
		CE07CDD120BC235B000452B4 /* Project object */ = {
			isa = PBXProject;
			attributes = {
				LastSwiftUpdateCheck = 0900;
				LastUpgradeCheck = 0900;
				ORGANIZATIONNAME = Kranthikiran;
				TargetAttributes = {
					CE07CDD820BC235B000452B4 = {
						CreatedOnToolsVersion = 9.0;
						ProvisioningStyle = Automatic;
					};
				};
			};
			buildConfigurationList = CE07CDD420BC235B000452B4 /* Build configuration list for PBXProject "ToDoThings" */;
			compatibilityVersion = "Xcode 8.0";
			developmentRegion = en;
			hasScannedForEncodings = 0;
			knownRegions = (
				en,
				Base,
			);
			mainGroup = CE07CDD020BC235B000452B4;
			productRefGroup = CE07CDDA20BC235B000452B4 /* Products */;
			projectDirPath = "";
			projectRoot = "";
			targets = (
				CE07CDD820BC235B000452B4 /* ToDoThings */,
			);
		};
/* End PBXProject section */

/* Begin PBXResourcesBuildPhase section */
		CE07CDD720BC235B000452B4 /* Resources */ = {
			isa = PBXResourcesBuildPhase;
			buildActionMask = 2147483647;
			files = (
				CE07CDE720BC235B000452B4 /* LaunchScreen.storyboard in Resources */,
				CE07CDE420BC235B000452B4 /* Assets.xcassets in Resources */,
				CE07CDE220BC235B000452B4 /* Main.storyboard in Resources */,
			);
			runOnlyForDeploymentPostprocessing = 0;
		};
/* End PBXResourcesBuildPhase section */

/* Begin PBXSourcesBuildPhase section */
		CE07CDD520BC235B000452B4 /* Sources */ = {
			isa = PBXSourcesBuildPhase;
			buildActionMask = 2147483647;
			files = (
				CE0E1AA720BFCA4B00748FA2 /* CategoryViewController.swift in Sources */,
				CE07CDDF20BC235B000452B4 /* TodoListViewController.swift in Sources */,
				CEB28C0420BE938A00B1660A /* DataModel.xcdatamodeld in Sources */,
				CE07CDDD20BC235B000452B4 /* AppDelegate.swift in Sources */,
			);
			runOnlyForDeploymentPostprocessing = 0;
		};
/* End PBXSourcesBuildPhase section */

/* Begin PBXVariantGroup section */
		CE07CDE020BC235B000452B4 /* Main.storyboard */ = {
			isa = PBXVariantGroup;
			children = (
				CE07CDE120BC235B000452B4 /* Base */,
			);
			name = Main.storyboard;
			sourceTree = "<group>";
		};
		CE07CDE520BC235B000452B4 /* LaunchScreen.storyboard */ = {
			isa = PBXVariantGroup;
			children = (
				CE07CDE620BC235B000452B4 /* Base */,
			);
			name = LaunchScreen.storyboard;
			sourceTree = "<group>";
		};
/* End PBXVariantGroup section */

/* Begin XCBuildConfiguration section */
		CE07CDE920BC235B000452B4 /* Debug */ = {
			isa = XCBuildConfiguration;
			buildSettings = {
				ALWAYS_SEARCH_USER_PATHS = NO;
				CLANG_ANALYZER_NONNULL = YES;
				CLANG_ANALYZER_NUMBER_OBJECT_CONVERSION = YES_AGGRESSIVE;
				CLANG_CXX_LANGUAGE_STANDARD = "gnu++14";
				CLANG_CXX_LIBRARY = "libc++";
				CLANG_ENABLE_MODULES = YES;
				CLANG_ENABLE_OBJC_ARC = YES;
				CLANG_WARN_BLOCK_CAPTURE_AUTORELEASING = YES;
				CLANG_WARN_BOOL_CONVERSION = YES;
				CLANG_WARN_COMMA = YES;
				CLANG_WARN_CONSTANT_CONVERSION = YES;
				CLANG_WARN_DIRECT_OBJC_ISA_USAGE = YES_ERROR;
				CLANG_WARN_DOCUMENTATION_COMMENTS = YES;
				CLANG_WARN_EMPTY_BODY = YES;
				CLANG_WARN_ENUM_CONVERSION = YES;
				CLANG_WARN_INFINITE_RECURSION = YES;
				CLANG_WARN_INT_CONVERSION = YES;
				CLANG_WARN_NON_LITERAL_NULL_CONVERSION = YES;
				CLANG_WARN_OBJC_LITERAL_CONVERSION = YES;
				CLANG_WARN_OBJC_ROOT_CLASS = YES_ERROR;
				CLANG_WARN_RANGE_LOOP_ANALYSIS = YES;
				CLANG_WARN_STRICT_PROTOTYPES = YES;
				CLANG_WARN_SUSPICIOUS_MOVE = YES;
				CLANG_WARN_UNGUARDED_AVAILABILITY = YES_AGGRESSIVE;
				CLANG_WARN_UNREACHABLE_CODE = YES;
				CLANG_WARN__DUPLICATE_METHOD_MATCH = YES;
				CODE_SIGN_IDENTITY = "iPhone Developer";
				COPY_PHASE_STRIP = NO;
				DEBUG_INFORMATION_FORMAT = dwarf;
				ENABLE_STRICT_OBJC_MSGSEND = YES;
				ENABLE_TESTABILITY = YES;
				GCC_C_LANGUAGE_STANDARD = gnu11;
				GCC_DYNAMIC_NO_PIC = NO;
				GCC_NO_COMMON_BLOCKS = YES;
				GCC_OPTIMIZATION_LEVEL = 0;
				GCC_PREPROCESSOR_DEFINITIONS = (
					"DEBUG=1",
					"$(inherited)",
				);
				GCC_WARN_64_TO_32_BIT_CONVERSION = YES;
				GCC_WARN_ABOUT_RETURN_TYPE = YES_ERROR;
				GCC_WARN_UNDECLARED_SELECTOR = YES;
				GCC_WARN_UNINITIALIZED_AUTOS = YES_AGGRESSIVE;
				GCC_WARN_UNUSED_FUNCTION = YES;
				GCC_WARN_UNUSED_VARIABLE = YES;
				IPHONEOS_DEPLOYMENT_TARGET = 11.0;
				MTL_ENABLE_DEBUG_INFO = YES;
				ONLY_ACTIVE_ARCH = YES;
				SDKROOT = iphoneos;
				SWIFT_ACTIVE_COMPILATION_CONDITIONS = DEBUG;
				SWIFT_OPTIMIZATION_LEVEL = "-Onone";
			};
			name = Debug;
		};
		CE07CDEA20BC235B000452B4 /* Release */ = {
			isa = XCBuildConfiguration;
			buildSettings = {
				ALWAYS_SEARCH_USER_PATHS = NO;
				CLANG_ANALYZER_NONNULL = YES;
				CLANG_ANALYZER_NUMBER_OBJECT_CONVERSION = YES_AGGRESSIVE;
				CLANG_CXX_LANGUAGE_STANDARD = "gnu++14";
				CLANG_CXX_LIBRARY = "libc++";
				CLANG_ENABLE_MODULES = YES;
				CLANG_ENABLE_OBJC_ARC = YES;
				CLANG_WARN_BLOCK_CAPTURE_AUTORELEASING = YES;
				CLANG_WARN_BOOL_CONVERSION = YES;
				CLANG_WARN_COMMA = YES;
				CLANG_WARN_CONSTANT_CONVERSION = YES;
				CLANG_WARN_DIRECT_OBJC_ISA_USAGE = YES_ERROR;
				CLANG_WARN_DOCUMENTATION_COMMENTS = YES;
				CLANG_WARN_EMPTY_BODY = YES;
				CLANG_WARN_ENUM_CONVERSION = YES;
				CLANG_WARN_INFINITE_RECURSION = YES;
				CLANG_WARN_INT_CONVERSION = YES;
				CLANG_WARN_NON_LITERAL_NULL_CONVERSION = YES;
				CLANG_WARN_OBJC_LITERAL_CONVERSION = YES;
				CLANG_WARN_OBJC_ROOT_CLASS = YES_ERROR;
				CLANG_WARN_RANGE_LOOP_ANALYSIS = YES;
				CLANG_WARN_STRICT_PROTOTYPES = YES;
				CLANG_WARN_SUSPICIOUS_MOVE = YES;
				CLANG_WARN_UNGUARDED_AVAILABILITY = YES_AGGRESSIVE;
				CLANG_WARN_UNREACHABLE_CODE = YES;
				CLANG_WARN__DUPLICATE_METHOD_MATCH = YES;
				CODE_SIGN_IDENTITY = "iPhone Developer";
				COPY_PHASE_STRIP = NO;
				DEBUG_INFORMATION_FORMAT = "dwarf-with-dsym";
				ENABLE_NS_ASSERTIONS = NO;
				ENABLE_STRICT_OBJC_MSGSEND = YES;
				GCC_C_LANGUAGE_STANDARD = gnu11;
				GCC_NO_COMMON_BLOCKS = YES;
				GCC_WARN_64_TO_32_BIT_CONVERSION = YES;
				GCC_WARN_ABOUT_RETURN_TYPE = YES_ERROR;
				GCC_WARN_UNDECLARED_SELECTOR = YES;
				GCC_WARN_UNINITIALIZED_AUTOS = YES_AGGRESSIVE;
				GCC_WARN_UNUSED_FUNCTION = YES;
				GCC_WARN_UNUSED_VARIABLE = YES;
				IPHONEOS_DEPLOYMENT_TARGET = 11.0;
				MTL_ENABLE_DEBUG_INFO = NO;
				SDKROOT = iphoneos;
				SWIFT_OPTIMIZATION_LEVEL = "-Owholemodule";
				VALIDATE_PRODUCT = YES;
			};
			name = Release;
		};
		CE07CDEC20BC235B000452B4 /* Debug */ = {
			isa = XCBuildConfiguration;
			buildSettings = {
				ASSETCATALOG_COMPILER_APPICON_NAME = AppIcon;
				CODE_SIGN_STYLE = Automatic;
				DEVELOPMENT_TEAM = "";
				INFOPLIST_FILE = ToDoThings/Info.plist;
				LD_RUNPATH_SEARCH_PATHS = "$(inherited) @executable_path/Frameworks";
				PRODUCT_BUNDLE_IDENTIFIER = com.kranthi.ToDoThings;
				PRODUCT_NAME = "$(TARGET_NAME)";
				SWIFT_VERSION = 4.0;
				TARGETED_DEVICE_FAMILY = "1,2";
			};
			name = Debug;
		};
		CE07CDED20BC235B000452B4 /* Release */ = {
			isa = XCBuildConfiguration;
			buildSettings = {
				ASSETCATALOG_COMPILER_APPICON_NAME = AppIcon;
				CODE_SIGN_STYLE = Automatic;
				DEVELOPMENT_TEAM = "";
				INFOPLIST_FILE = ToDoThings/Info.plist;
				LD_RUNPATH_SEARCH_PATHS = "$(inherited) @executable_path/Frameworks";
				PRODUCT_BUNDLE_IDENTIFIER = com.kranthi.ToDoThings;
				PRODUCT_NAME = "$(TARGET_NAME)";
				SWIFT_VERSION = 4.0;
				TARGETED_DEVICE_FAMILY = "1,2";
			};
			name = Release;
		};
/* End XCBuildConfiguration section */

/* Begin XCConfigurationList section */
		CE07CDD420BC235B000452B4 /* Build configuration list for PBXProject "ToDoThings" */ = {
			isa = XCConfigurationList;
			buildConfigurations = (
				CE07CDE920BC235B000452B4 /* Debug */,
				CE07CDEA20BC235B000452B4 /* Release */,
			);
			defaultConfigurationIsVisible = 0;
			defaultConfigurationName = Release;
		};
		CE07CDEB20BC235B000452B4 /* Build configuration list for PBXNativeTarget "ToDoThings" */ = {
			isa = XCConfigurationList;
			buildConfigurations = (
				CE07CDEC20BC235B000452B4 /* Debug */,
				CE07CDED20BC235B000452B4 /* Release */,
			);
			defaultConfigurationIsVisible = 0;
			defaultConfigurationName = Release;
		};
/* End XCConfigurationList section */

/* Begin XCVersionGroup section */
		CEB28C0220BE938A00B1660A /* DataModel.xcdatamodeld */ = {
			isa = XCVersionGroup;
			children = (
				CEB28C0320BE938A00B1660A /* DataModel.xcdatamodel */,
			);
			currentVersion = CEB28C0320BE938A00B1660A /* DataModel.xcdatamodel */;
			path = DataModel.xcdatamodeld;
			sourceTree = "<group>";
			versionGroupType = wrapper.xcdatamodel;
		};
/* End XCVersionGroup section */
	};
	rootObject = CE07CDD120BC235B000452B4 /* Project object */;
}
